// !$*UTF8*$!
{
	archiveVersion = 1;
	classes = {
	};
	objectVersion = 50;
	objects = {

/* Begin PBXBuildFile section */
		1438718D229A24DB006665F3 /* AppDelegate.swift in Sources */ = {isa = PBXBuildFile; fileRef = 1438718C229A24DB006665F3 /* AppDelegate.swift */; };
		1438718F229A24DB006665F3 /* ViewController.swift in Sources */ = {isa = PBXBuildFile; fileRef = 1438718E229A24DB006665F3 /* ViewController.swift */; };
		14387192229A24DB006665F3 /* Main.storyboard in Resources */ = {isa = PBXBuildFile; fileRef = 14387190229A24DB006665F3 /* Main.storyboard */; };
		14387194229A24DC006665F3 /* Assets.xcassets in Resources */ = {isa = PBXBuildFile; fileRef = 14387193229A24DC006665F3 /* Assets.xcassets */; };
		14387197229A24DC006665F3 /* LaunchScreen.storyboard in Resources */ = {isa = PBXBuildFile; fileRef = 14387195229A24DC006665F3 /* LaunchScreen.storyboard */; };
		143871A2229A24DC006665F3 /* TestHapticFeedbackTests.swift in Sources */ = {isa = PBXBuildFile; fileRef = 143871A1229A24DC006665F3 /* TestHapticFeedbackTests.swift */; };
		143871AD229A24DC006665F3 /* TestHapticFeedbackUITests.swift in Sources */ = {isa = PBXBuildFile; fileRef = 143871AC229A24DC006665F3 /* TestHapticFeedbackUITests.swift */; };
/* End PBXBuildFile section */

/* Begin PBXContainerItemProxy section */
		1438719E229A24DC006665F3 /* PBXContainerItemProxy */ = {
			isa = PBXContainerItemProxy;
			containerPortal = 14387181229A24DB006665F3 /* Project object */;
			proxyType = 1;
			remoteGlobalIDString = 14387188229A24DB006665F3;
			remoteInfo = TestHapticFeedback;
		};
		143871A9229A24DC006665F3 /* PBXContainerItemProxy */ = {
			isa = PBXContainerItemProxy;
			containerPortal = 14387181229A24DB006665F3 /* Project object */;
			proxyType = 1;
			remoteGlobalIDString = 14387188229A24DB006665F3;
			remoteInfo = TestHapticFeedback;
		};
/* End PBXContainerItemProxy section */

/* Begin PBXFileReference section */
		14387189229A24DB006665F3 /* TestHapticFeedback.app */ = {isa = PBXFileReference; explicitFileType = wrapper.application; includeInIndex = 0; path = TestHapticFeedback.app; sourceTree = BUILT_PRODUCTS_DIR; };
		1438718C229A24DB006665F3 /* AppDelegate.swift */ = {isa = PBXFileReference; lastKnownFileType = sourcecode.swift; path = AppDelegate.swift; sourceTree = "<group>"; };
		1438718E229A24DB006665F3 /* ViewController.swift */ = {isa = PBXFileReference; lastKnownFileType = sourcecode.swift; path = ViewController.swift; sourceTree = "<group>"; };
		14387191229A24DB006665F3 /* Base */ = {isa = PBXFileReference; lastKnownFileType = file.storyboard; name = Base; path = Base.lproj/Main.storyboard; sourceTree = "<group>"; };
		14387193229A24DC006665F3 /* Assets.xcassets */ = {isa = PBXFileReference; lastKnownFileType = folder.assetcatalog; path = Assets.xcassets; sourceTree = "<group>"; };
		14387196229A24DC006665F3 /* Base */ = {isa = PBXFileReference; lastKnownFileType = file.storyboard; name = Base; path = Base.lproj/LaunchScreen.storyboard; sourceTree = "<group>"; };
		14387198229A24DC006665F3 /* Info.plist */ = {isa = PBXFileReference; lastKnownFileType = text.plist.xml; path = Info.plist; sourceTree = "<group>"; };
		1438719D229A24DC006665F3 /* TestHapticFeedbackTests.xctest */ = {isa = PBXFileReference; explicitFileType = wrapper.cfbundle; includeInIndex = 0; path = TestHapticFeedbackTests.xctest; sourceTree = BUILT_PRODUCTS_DIR; };
		143871A1229A24DC006665F3 /* TestHapticFeedbackTests.swift */ = {isa = PBXFileReference; lastKnownFileType = sourcecode.swift; path = TestHapticFeedbackTests.swift; sourceTree = "<group>"; };
		143871A3229A24DC006665F3 /* Info.plist */ = {isa = PBXFileReference; lastKnownFileType = text.plist.xml; path = Info.plist; sourceTree = "<group>"; };
		143871A8229A24DC006665F3 /* TestHapticFeedbackUITests.xctest */ = {isa = PBXFileReference; explicitFileType = wrapper.cfbundle; includeInIndex = 0; path = TestHapticFeedbackUITests.xctest; sourceTree = BUILT_PRODUCTS_DIR; };
		143871AC229A24DC006665F3 /* TestHapticFeedbackUITests.swift */ = {isa = PBXFileReference; lastKnownFileType = sourcecode.swift; path = TestHapticFeedbackUITests.swift; sourceTree = "<group>"; };
		143871AE229A24DC006665F3 /* Info.plist */ = {isa = PBXFileReference; lastKnownFileType = text.plist.xml; path = Info.plist; sourceTree = "<group>"; };
/* End PBXFileReference section */

/* Begin PBXFrameworksBuildPhase section */
		14387186229A24DB006665F3 /* Frameworks */ = {
			isa = PBXFrameworksBuildPhase;
			buildActionMask = 2147483647;
			files = (
			);
			runOnlyForDeploymentPostprocessing = 0;
		};
		1438719A229A24DC006665F3 /* Frameworks */ = {
			isa = PBXFrameworksBuildPhase;
			buildActionMask = 2147483647;
			files = (
			);
			runOnlyForDeploymentPostprocessing = 0;
		};
		143871A5229A24DC006665F3 /* Frameworks */ = {
			isa = PBXFrameworksBuildPhase;
			buildActionMask = 2147483647;
			files = (
			);
			runOnlyForDeploymentPostprocessing = 0;
		};
/* End PBXFrameworksBuildPhase section */

/* Begin PBXGroup section */
		14387180229A24DB006665F3 = {
			isa = PBXGroup;
			children = (
				1438718B229A24DB006665F3 /* TestHapticFeedback */,
				143871A0229A24DC006665F3 /* TestHapticFeedbackTests */,
				143871AB229A24DC006665F3 /* TestHapticFeedbackUITests */,
				1438718A229A24DB006665F3 /* Products */,
			);
			sourceTree = "<group>";
		};
		1438718A229A24DB006665F3 /* Products */ = {
			isa = PBXGroup;
			children = (
				14387189229A24DB006665F3 /* TestHapticFeedback.app */,
				1438719D229A24DC006665F3 /* TestHapticFeedbackTests.xctest */,
				143871A8229A24DC006665F3 /* TestHapticFeedbackUITests.xctest */,
			);
			name = Products;
			sourceTree = "<group>";
		};
		1438718B229A24DB006665F3 /* TestHapticFeedback */ = {
			isa = PBXGroup;
			children = (
				1438718C229A24DB006665F3 /* AppDelegate.swift */,
				1438718E229A24DB006665F3 /* ViewController.swift */,
				14387190229A24DB006665F3 /* Main.storyboard */,
				14387193229A24DC006665F3 /* Assets.xcassets */,
				14387195229A24DC006665F3 /* LaunchScreen.storyboard */,
				14387198229A24DC006665F3 /* Info.plist */,
			);
			path = TestHapticFeedback;
			sourceTree = "<group>";
		};
		143871A0229A24DC006665F3 /* TestHapticFeedbackTests */ = {
			isa = PBXGroup;
			children = (
				143871A1229A24DC006665F3 /* TestHapticFeedbackTests.swift */,
				143871A3229A24DC006665F3 /* Info.plist */,
			);
			path = TestHapticFeedbackTests;
			sourceTree = "<group>";
		};
		143871AB229A24DC006665F3 /* TestHapticFeedbackUITests */ = {
			isa = PBXGroup;
			children = (
				143871AC229A24DC006665F3 /* TestHapticFeedbackUITests.swift */,
				143871AE229A24DC006665F3 /* Info.plist */,
			);
			path = TestHapticFeedbackUITests;
			sourceTree = "<group>";
		};
/* End PBXGroup section */

/* Begin PBXNativeTarget section */
		14387188229A24DB006665F3 /* TestHapticFeedback */ = {
			isa = PBXNativeTarget;
			buildConfigurationList = 143871B1229A24DC006665F3 /* Build configuration list for PBXNativeTarget "TestHapticFeedback" */;
			buildPhases = (
				14387185229A24DB006665F3 /* Sources */,
				14387186229A24DB006665F3 /* Frameworks */,
				14387187229A24DB006665F3 /* Resources */,
			);
			buildRules = (
			);
			dependencies = (
			);
			name = TestHapticFeedback;
			productName = TestHapticFeedback;
			productReference = 14387189229A24DB006665F3 /* TestHapticFeedback.app */;
			productType = "com.apple.product-type.application";
		};
		1438719C229A24DC006665F3 /* TestHapticFeedbackTests */ = {
			isa = PBXNativeTarget;
			buildConfigurationList = 143871B4229A24DC006665F3 /* Build configuration list for PBXNativeTarget "TestHapticFeedbackTests" */;
			buildPhases = (
				14387199229A24DC006665F3 /* Sources */,
				1438719A229A24DC006665F3 /* Frameworks */,
				1438719B229A24DC006665F3 /* Resources */,
			);
			buildRules = (
			);
			dependencies = (
				1438719F229A24DC006665F3 /* PBXTargetDependency */,
			);
			name = TestHapticFeedbackTests;
			productName = TestHapticFeedbackTests;
			productReference = 1438719D229A24DC006665F3 /* TestHapticFeedbackTests.xctest */;
			productType = "com.apple.product-type.bundle.unit-test";
		};
		143871A7229A24DC006665F3 /* TestHapticFeedbackUITests */ = {
			isa = PBXNativeTarget;
			buildConfigurationList = 143871B7229A24DC006665F3 /* Build configuration list for PBXNativeTarget "TestHapticFeedbackUITests" */;
			buildPhases = (
				143871A4229A24DC006665F3 /* Sources */,
				143871A5229A24DC006665F3 /* Frameworks */,
				143871A6229A24DC006665F3 /* Resources */,
			);
			buildRules = (
			);
			dependencies = (
				143871AA229A24DC006665F3 /* PBXTargetDependency */,
			);
			name = TestHapticFeedbackUITests;
			productName = TestHapticFeedbackUITests;
			productReference = 143871A8229A24DC006665F3 /* TestHapticFeedbackUITests.xctest */;
			productType = "com.apple.product-type.bundle.ui-testing";
		};
/* End PBXNativeTarget section */

/* Begin PBXProject section */
		14387181229A24DB006665F3 /* Project object */ = {
			isa = PBXProject;
			attributes = {
				LastSwiftUpdateCheck = 1020;
				LastUpgradeCheck = 1020;
				ORGANIZATIONNAME = "tuyoshi tonobe";
				TargetAttributes = {
					14387188229A24DB006665F3 = {
						CreatedOnToolsVersion = 10.2;
					};
					1438719C229A24DC006665F3 = {
						CreatedOnToolsVersion = 10.2;
						TestTargetID = 14387188229A24DB006665F3;
					};
					143871A7229A24DC006665F3 = {
						CreatedOnToolsVersion = 10.2;
						TestTargetID = 14387188229A24DB006665F3;
					};
				};
			};
			buildConfigurationList = 14387184229A24DB006665F3 /* Build configuration list for PBXProject "TestHapticFeedback" */;
			compatibilityVersion = "Xcode 9.3";
			developmentRegion = en;
			hasScannedForEncodings = 0;
			knownRegions = (
				en,
				Base,
			);
			mainGroup = 14387180229A24DB006665F3;
			productRefGroup = 1438718A229A24DB006665F3 /* Products */;
			projectDirPath = "";
			projectRoot = "";
			targets = (
				14387188229A24DB006665F3 /* TestHapticFeedback */,
				1438719C229A24DC006665F3 /* TestHapticFeedbackTests */,
				143871A7229A24DC006665F3 /* TestHapticFeedbackUITests */,
			);
		};
/* End PBXProject section */

/* Begin PBXResourcesBuildPhase section */
		14387187229A24DB006665F3 /* Resources */ = {
			isa = PBXResourcesBuildPhase;
			buildActionMask = 2147483647;
			files = (
				14387197229A24DC006665F3 /* LaunchScreen.storyboard in Resources */,
				14387194229A24DC006665F3 /* Assets.xcassets in Resources */,
				14387192229A24DB006665F3 /* Main.storyboard in Resources */,
			);
			runOnlyForDeploymentPostprocessing = 0;
		};
		1438719B229A24DC006665F3 /* Resources */ = {
			isa = PBXResourcesBuildPhase;
			buildActionMask = 2147483647;
			files = (
			);
			runOnlyForDeploymentPostprocessing = 0;
		};
		143871A6229A24DC006665F3 /* Resources */ = {
			isa = PBXResourcesBuildPhase;
			buildActionMask = 2147483647;
			files = (
			);
			runOnlyForDeploymentPostprocessing = 0;
		};
/* End PBXResourcesBuildPhase section */

/* Begin PBXSourcesBuildPhase section */
		14387185229A24DB006665F3 /* Sources */ = {
			isa = PBXSourcesBuildPhase;
			buildActionMask = 2147483647;
			files = (
				1438718F229A24DB006665F3 /* ViewController.swift in Sources */,
				1438718D229A24DB006665F3 /* AppDelegate.swift in Sources */,
			);
			runOnlyForDeploymentPostprocessing = 0;
		};
		14387199229A24DC006665F3 /* Sources */ = {
			isa = PBXSourcesBuildPhase;
			buildActionMask = 2147483647;
			files = (
				143871A2229A24DC006665F3 /* TestHapticFeedbackTests.swift in Sources */,
			);
			runOnlyForDeploymentPostprocessing = 0;
		};
		143871A4229A24DC006665F3 /* Sources */ = {
			isa = PBXSourcesBuildPhase;
			buildActionMask = 2147483647;
			files = (
				143871AD229A24DC006665F3 /* TestHapticFeedbackUITests.swift in Sources */,
			);
			runOnlyForDeploymentPostprocessing = 0;
		};
/* End PBXSourcesBuildPhase section */

/* Begin PBXTargetDependency section */
		1438719F229A24DC006665F3 /* PBXTargetDependency */ = {
			isa = PBXTargetDependency;
			target = 14387188229A24DB006665F3 /* TestHapticFeedback */;
			targetProxy = 1438719E229A24DC006665F3 /* PBXContainerItemProxy */;
		};
		143871AA229A24DC006665F3 /* PBXTargetDependency */ = {
			isa = PBXTargetDependency;
			target = 14387188229A24DB006665F3 /* TestHapticFeedback */;
			targetProxy = 143871A9229A24DC006665F3 /* PBXContainerItemProxy */;
		};
/* End PBXTargetDependency section */

/* Begin PBXVariantGroup section */
		14387190229A24DB006665F3 /* Main.storyboard */ = {
			isa = PBXVariantGroup;
			children = (
				14387191229A24DB006665F3 /* Base */,
			);
			name = Main.storyboard;
			sourceTree = "<group>";
		};
		14387195229A24DC006665F3 /* LaunchScreen.storyboard */ = {
			isa = PBXVariantGroup;
			children = (
				14387196229A24DC006665F3 /* Base */,
			);
			name = LaunchScreen.storyboard;
			sourceTree = "<group>";
		};
/* End PBXVariantGroup section */

/* Begin XCBuildConfiguration section */
		143871AF229A24DC006665F3 /* Debug */ = {
			isa = XCBuildConfiguration;
			buildSettings = {
				ALWAYS_SEARCH_USER_PATHS = NO;
				CLANG_ANALYZER_NONNULL = YES;
				CLANG_ANALYZER_NUMBER_OBJECT_CONVERSION = YES_AGGRESSIVE;
				CLANG_CXX_LANGUAGE_STANDARD = "gnu++14";
				CLANG_CXX_LIBRARY = "libc++";
				CLANG_ENABLE_MODULES = YES;
				CLANG_ENABLE_OBJC_ARC = YES;
				CLANG_ENABLE_OBJC_WEAK = YES;
				CLANG_WARN_BLOCK_CAPTURE_AUTORELEASING = YES;
				CLANG_WARN_BOOL_CONVERSION = YES;
				CLANG_WARN_COMMA = YES;
				CLANG_WARN_CONSTANT_CONVERSION = YES;
				CLANG_WARN_DEPRECATED_OBJC_IMPLEMENTATIONS = YES;
				CLANG_WARN_DIRECT_OBJC_ISA_USAGE = YES_ERROR;
				CLANG_WARN_DOCUMENTATION_COMMENTS = YES;
				CLANG_WARN_EMPTY_BODY = YES;
				CLANG_WARN_ENUM_CONVERSION = YES;
				CLANG_WARN_INFINITE_RECURSION = YES;
				CLANG_WARN_INT_CONVERSION = YES;
				CLANG_WARN_NON_LITERAL_NULL_CONVERSION = YES;
				CLANG_WARN_OBJC_IMPLICIT_RETAIN_SELF = YES;
				CLANG_WARN_OBJC_LITERAL_CONVERSION = YES;
				CLANG_WARN_OBJC_ROOT_CLASS = YES_ERROR;
				CLANG_WARN_RANGE_LOOP_ANALYSIS = YES;
				CLANG_WARN_STRICT_PROTOTYPES = YES;
				CLANG_WARN_SUSPICIOUS_MOVE = YES;
				CLANG_WARN_UNGUARDED_AVAILABILITY = YES_AGGRESSIVE;
				CLANG_WARN_UNREACHABLE_CODE = YES;
				CLANG_WARN__DUPLICATE_METHOD_MATCH = YES;
				CODE_SIGN_IDENTITY = "iPhone Developer";
				COPY_PHASE_STRIP = NO;
				DEBUG_INFORMATION_FORMAT = dwarf;
				ENABLE_STRICT_OBJC_MSGSEND = YES;
				ENABLE_TESTABILITY = YES;
				GCC_C_LANGUAGE_STANDARD = gnu11;
				GCC_DYNAMIC_NO_PIC = NO;
				GCC_NO_COMMON_BLOCKS = YES;
				GCC_OPTIMIZATION_LEVEL = 0;
				GCC_PREPROCESSOR_DEFINITIONS = (
					"DEBUG=1",
					"$(inherited)",
				);
				GCC_WARN_64_TO_32_BIT_CONVERSION = YES;
				GCC_WARN_ABOUT_RETURN_TYPE = YES_ERROR;
				GCC_WARN_UNDECLARED_SELECTOR = YES;
				GCC_WARN_UNINITIALIZED_AUTOS = YES_AGGRESSIVE;
				GCC_WARN_UNUSED_FUNCTION = YES;
				GCC_WARN_UNUSED_VARIABLE = YES;
				IPHONEOS_DEPLOYMENT_TARGET = 12.2;
				MTL_ENABLE_DEBUG_INFO = INCLUDE_SOURCE;
				MTL_FAST_MATH = YES;
				ONLY_ACTIVE_ARCH = YES;
				SDKROOT = iphoneos;
				SWIFT_ACTIVE_COMPILATION_CONDITIONS = DEBUG;
				SWIFT_OPTIMIZATION_LEVEL = "-Onone";
			};
			name = Debug;
		};
		143871B0229A24DC006665F3 /* Release */ = {
			isa = XCBuildConfiguration;
			buildSettings = {
				ALWAYS_SEARCH_USER_PATHS = NO;
				CLANG_ANALYZER_NONNULL = YES;
				CLANG_ANALYZER_NUMBER_OBJECT_CONVERSION = YES_AGGRESSIVE;
				CLANG_CXX_LANGUAGE_STANDARD = "gnu++14";
				CLANG_CXX_LIBRARY = "libc++";
				CLANG_ENABLE_MODULES = YES;
				CLANG_ENABLE_OBJC_ARC = YES;
				CLANG_ENABLE_OBJC_WEAK = YES;
				CLANG_WARN_BLOCK_CAPTURE_AUTORELEASING = YES;
				CLANG_WARN_BOOL_CONVERSION = YES;
				CLANG_WARN_COMMA = YES;
				CLANG_WARN_CONSTANT_CONVERSION = YES;
				CLANG_WARN_DEPRECATED_OBJC_IMPLEMENTATIONS = YES;
				CLANG_WARN_DIRECT_OBJC_ISA_USAGE = YES_ERROR;
				CLANG_WARN_DOCUMENTATION_COMMENTS = YES;
				CLANG_WARN_EMPTY_BODY = YES;
				CLANG_WARN_ENUM_CONVERSION = YES;
				CLANG_WARN_INFINITE_RECURSION = YES;
				CLANG_WARN_INT_CONVERSION = YES;
				CLANG_WARN_NON_LITERAL_NULL_CONVERSION = YES;
				CLANG_WARN_OBJC_IMPLICIT_RETAIN_SELF = YES;
				CLANG_WARN_OBJC_LITERAL_CONVERSION = YES;
				CLANG_WARN_OBJC_ROOT_CLASS = YES_ERROR;
				CLANG_WARN_RANGE_LOOP_ANALYSIS = YES;
				CLANG_WARN_STRICT_PROTOTYPES = YES;
				CLANG_WARN_SUSPICIOUS_MOVE = YES;
				CLANG_WARN_UNGUARDED_AVAILABILITY = YES_AGGRESSIVE;
				CLANG_WARN_UNREACHABLE_CODE = YES;
				CLANG_WARN__DUPLICATE_METHOD_MATCH = YES;
				CODE_SIGN_IDENTITY = "iPhone Developer";
				COPY_PHASE_STRIP = NO;
				DEBUG_INFORMATION_FORMAT = "dwarf-with-dsym";
				ENABLE_NS_ASSERTIONS = NO;
				ENABLE_STRICT_OBJC_MSGSEND = YES;
				GCC_C_LANGUAGE_STANDARD = gnu11;
				GCC_NO_COMMON_BLOCKS = YES;
				GCC_WARN_64_TO_32_BIT_CONVERSION = YES;
				GCC_WARN_ABOUT_RETURN_TYPE = YES_ERROR;
				GCC_WARN_UNDECLARED_SELECTOR = YES;
				GCC_WARN_UNINITIALIZED_AUTOS = YES_AGGRESSIVE;
				GCC_WARN_UNUSED_FUNCTION = YES;
				GCC_WARN_UNUSED_VARIABLE = YES;
				IPHONEOS_DEPLOYMENT_TARGET = 12.2;
				MTL_ENABLE_DEBUG_INFO = NO;
				MTL_FAST_MATH = YES;
				SDKROOT = iphoneos;
				SWIFT_COMPILATION_MODE = wholemodule;
				SWIFT_OPTIMIZATION_LEVEL = "-O";
				VALIDATE_PRODUCT = YES;
			};
			name = Release;
		};
		143871B2229A24DC006665F3 /* Debug */ = {
			isa = XCBuildConfiguration;
			buildSettings = {
				ASSETCATALOG_COMPILER_APPICON_NAME = AppIcon;
				CODE_SIGN_STYLE = Automatic;
				DEVELOPMENT_TEAM = 7D5GJ85FYW;
				INFOPLIST_FILE = TestHapticFeedback/Info.plist;
				LD_RUNPATH_SEARCH_PATHS = (
					"$(inherited)",
					"@executable_path/Frameworks",
				);
				PRODUCT_BUNDLE_IDENTIFIER = jp.co.init.TestHapticFeedback;
				PRODUCT_NAME = "$(TARGET_NAME)";
				SWIFT_VERSION = 5.0;
				TARGETED_DEVICE_FAMILY = "1,2";
			};
			name = Debug;
		};
		143871B3229A24DC006665F3 /* Release */ = {
			isa = XCBuildConfiguration;
			buildSettings = {
				ASSETCATALOG_COMPILER_APPICON_NAME = AppIcon;
				CODE_SIGN_STYLE = Automatic;
				DEVELOPMENT_TEAM = 7D5GJ85FYW;
				INFOPLIST_FILE = TestHapticFeedback/Info.plist;
				LD_RUNPATH_SEARCH_PATHS = (
					"$(inherited)",
					"@executable_path/Frameworks",
				);
				PRODUCT_BUNDLE_IDENTIFIER = jp.co.init.TestHapticFeedback;
				PRODUCT_NAME = "$(TARGET_NAME)";
				SWIFT_VERSION = 5.0;
				TARGETED_DEVICE_FAMILY = "1,2";
			};
			name = Release;
		};
		143871B5229A24DC006665F3 /* Debug */ = {
			isa = XCBuildConfiguration;
			buildSettings = {
				ALWAYS_EMBED_SWIFT_STANDARD_LIBRARIES = YES;
				BUNDLE_LOADER = "$(TEST_HOST)";
				CODE_SIGN_STYLE = Automatic;
				INFOPLIST_FILE = TestHapticFeedbackTests/Info.plist;
				LD_RUNPATH_SEARCH_PATHS = (
					"$(inherited)",
					"@executable_path/Frameworks",
					"@loader_path/Frameworks",
				);
				PRODUCT_BUNDLE_IDENTIFIER = jp.co.init.TestHapticFeedbackTests;
				PRODUCT_NAME = "$(TARGET_NAME)";
				SWIFT_VERSION = 5.0;
				TARGETED_DEVICE_FAMILY = "1,2";
				TEST_HOST = "$(BUILT_PRODUCTS_DIR)/TestHapticFeedback.app/TestHapticFeedback";
			};
			name = Debug;
		};
		143871B6229A24DC006665F3 /* Release */ = {
			isa = XCBuildConfiguration;
			buildSettings = {
				ALWAYS_EMBED_SWIFT_STANDARD_LIBRARIES = YES;
				BUNDLE_LOADER = "$(TEST_HOST)";
				CODE_SIGN_STYLE = Automatic;
				INFOPLIST_FILE = TestHapticFeedbackTests/Info.plist;
				LD_RUNPATH_SEARCH_PATHS = (
					"$(inherited)",
					"@executable_path/Frameworks",
					"@loader_path/Frameworks",
				);
				PRODUCT_BUNDLE_IDENTIFIER = jp.co.init.TestHapticFeedbackTests;
				PRODUCT_NAME = "$(TARGET_NAME)";
				SWIFT_VERSION = 5.0;
				TARGETED_DEVICE_FAMILY = "1,2";
				TEST_HOST = "$(BUILT_PRODUCTS_DIR)/TestHapticFeedback.app/TestHapticFeedback";
			};
			name = Release;
		};
		143871B8229A24DC006665F3 /* Debug */ = {
			isa = XCBuildConfiguration;
			buildSettings = {
				ALWAYS_EMBED_SWIFT_STANDARD_LIBRARIES = YES;
				CODE_SIGN_STYLE = Automatic;
				INFOPLIST_FILE = TestHapticFeedbackUITests/Info.plist;
				LD_RUNPATH_SEARCH_PATHS = (
					"$(inherited)",
					"@executable_path/Frameworks",
					"@loader_path/Frameworks",
				);
				PRODUCT_BUNDLE_IDENTIFIER = jp.co.init.TestHapticFeedbackUITests;
				PRODUCT_NAME = "$(TARGET_NAME)";
				SWIFT_VERSION = 5.0;
				TARGETED_DEVICE_FAMILY = "1,2";
				TEST_TARGET_NAME = TestHapticFeedback;
			};
			name = Debug;
		};
		143871B9229A24DC006665F3 /* Release */ = {
			isa = XCBuildConfiguration;
			buildSettings = {
				ALWAYS_EMBED_SWIFT_STANDARD_LIBRARIES = YES;
				CODE_SIGN_STYLE = Automatic;
				INFOPLIST_FILE = TestHapticFeedbackUITests/Info.plist;
				LD_RUNPATH_SEARCH_PATHS = (
					"$(inherited)",
					"@executable_path/Frameworks",
					"@loader_path/Frameworks",
				);
				PRODUCT_BUNDLE_IDENTIFIER = jp.co.init.TestHapticFeedbackUITests;
				PRODUCT_NAME = "$(TARGET_NAME)";
				SWIFT_VERSION = 5.0;
				TARGETED_DEVICE_FAMILY = "1,2";
				TEST_TARGET_NAME = TestHapticFeedback;
			};
			name = Release;
		};
/* End XCBuildConfiguration section */

/* Begin XCConfigurationList section */
		14387184229A24DB006665F3 /* Build configuration list for PBXProject "TestHapticFeedback" */ = {
			isa = XCConfigurationList;
			buildConfigurations = (
				143871AF229A24DC006665F3 /* Debug */,
				143871B0229A24DC006665F3 /* Release */,
			);
			defaultConfigurationIsVisible = 0;
			defaultConfigurationName = Release;
		};
		143871B1229A24DC006665F3 /* Build configuration list for PBXNativeTarget "TestHapticFeedback" */ = {
			isa = XCConfigurationList;
			buildConfigurations = (
				143871B2229A24DC006665F3 /* Debug */,
				143871B3229A24DC006665F3 /* Release */,
			);
			defaultConfigurationIsVisible = 0;
			defaultConfigurationName = Release;
		};
		143871B4229A24DC006665F3 /* Build configuration list for PBXNativeTarget "TestHapticFeedbackTests" */ = {
			isa = XCConfigurationList;
			buildConfigurations = (
				143871B5229A24DC006665F3 /* Debug */,
				143871B6229A24DC006665F3 /* Release */,
			);
			defaultConfigurationIsVisible = 0;
			defaultConfigurationName = Release;
		};
		143871B7229A24DC006665F3 /* Build configuration list for PBXNativeTarget "TestHapticFeedbackUITests" */ = {
			isa = XCConfigurationList;
			buildConfigurations = (
				143871B8229A24DC006665F3 /* Debug */,
				143871B9229A24DC006665F3 /* Release */,
			);
			defaultConfigurationIsVisible = 0;
			defaultConfigurationName = Release;
		};
/* End XCConfigurationList section */
	};
	rootObject = 14387181229A24DB006665F3 /* Project object */;
}
